
Microsoft Visual Studio Solution File, Format Version 12.00
# Visual Studio Version 17
VisualStudioVersion = 17.7.34202.233
MinimumVisualStudioVersion = 10.0.40219.1
Project("{FAE04EC0-301F-11D3-BF4B-00C04F79EFBC}") = "docom.core", "docom.core.csproj", "{530E483F-8392-44EF-AB45-6D4FF096F8CA}"
EndProject
Global
	GlobalSection(SolutionConfigurationPlatforms) = preSolution
		Debug|Any CPU = Debug|Any CPU
		Release|Any CPU = Release|Any CPU
	EndGlobalSection
	GlobalSection(ProjectConfigurationPlatforms) = postSolution
		{530E483F-8392-44EF-AB45-6D4FF096F8CA}.Debug|Any CPU.ActiveCfg = Debug|Any CPU
		{530E483F-8392-44EF-AB45-6D4FF096F8CA}.Debug|Any CPU.Build.0 = Debug|Any CPU
		{530E483F-8392-44EF-AB45-6D4FF096F8CA}.Release|Any CPU.ActiveCfg = Release|Any CPU
		{530E483F-8392-44EF-AB45-6D4FF096F8CA}.Release|Any CPU.Build.0 = Release|Any CPU
	EndGlobalSection
	GlobalSection(SolutionProperties) = preSolution
		HideSolutionNode = FALSE
	EndGlobalSection
	GlobalSection(ExtensibilityGlobals) = postSolution
		SolutionGuid = {8421B91E-975A-4EEF-BEE0-E5B412CE40C0}
	EndGlobalSection
EndGlobal
